// !$*UTF8*$!
{
	archiveVersion = 1;
	classes = {
	};
	objectVersion = 56;
	objects = {

/* Begin PBXBuildFile section */
		A837A81C2A9437F60082AB33 /* Swift_AlamofireApp.swift in Sources */ = {isa = PBXBuildFile; fileRef = A837A81B2A9437F60082AB33 /* Swift_AlamofireApp.swift */; };
		A837A81E2A9437F60082AB33 /* ContentView.swift in Sources */ = {isa = PBXBuildFile; fileRef = A837A81D2A9437F60082AB33 /* ContentView.swift */; };
		A837A8202A9437F60082AB33 /* Assets.xcassets in Resources */ = {isa = PBXBuildFile; fileRef = A837A81F2A9437F60082AB33 /* Assets.xcassets */; };
		A837A8242A9437F60082AB33 /* Preview Assets.xcassets in Resources */ = {isa = PBXBuildFile; fileRef = A837A8232A9437F60082AB33 /* Preview Assets.xcassets */; };
		A837A82D2A945FCC0082AB33 /* Alamofire in Frameworks */ = {isa = PBXBuildFile; productRef = A837A82C2A945FCC0082AB33 /* Alamofire */; };
		A837A8302A9465E50082AB33 /* AlamofireViewModel.swift in Sources */ = {isa = PBXBuildFile; fileRef = A837A82F2A9465E50082AB33 /* AlamofireViewModel.swift */; };
		A837A8322A9467350082AB33 /* Post.swift in Sources */ = {isa = PBXBuildFile; fileRef = A837A8312A9467350082AB33 /* Post.swift */; };
		A837A8352A958AF10082AB33 /* PostView.swift in Sources */ = {isa = PBXBuildFile; fileRef = A837A8342A958AF10082AB33 /* PostView.swift */; };
		A837A8382A958BA60082AB33 /* User.swift in Sources */ = {isa = PBXBuildFile; fileRef = A837A8372A958BA60082AB33 /* User.swift */; };
		A837A83E2A958BE00082AB33 /* UserView.swift in Sources */ = {isa = PBXBuildFile; fileRef = A837A83D2A958BE00082AB33 /* UserView.swift */; };
		A837A8402A958C0A0082AB33 /* UserViewModel.swift in Sources */ = {isa = PBXBuildFile; fileRef = A837A83F2A958C0A0082AB33 /* UserViewModel.swift */; };
		A837A8452A95941F0082AB33 /* UserCell.swift in Sources */ = {isa = PBXBuildFile; fileRef = A837A8442A95941F0082AB33 /* UserCell.swift */; };
/* End PBXBuildFile section */

/* Begin PBXFileReference section */
		A837A8182A9437F60082AB33 /* Swift-Alamofire.app */ = {isa = PBXFileReference; explicitFileType = wrapper.application; includeInIndex = 0; path = "Swift-Alamofire.app"; sourceTree = BUILT_PRODUCTS_DIR; };
		A837A81B2A9437F60082AB33 /* Swift_AlamofireApp.swift */ = {isa = PBXFileReference; lastKnownFileType = sourcecode.swift; path = Swift_AlamofireApp.swift; sourceTree = "<group>"; };
		A837A81D2A9437F60082AB33 /* ContentView.swift */ = {isa = PBXFileReference; lastKnownFileType = sourcecode.swift; path = ContentView.swift; sourceTree = "<group>"; };
		A837A81F2A9437F60082AB33 /* Assets.xcassets */ = {isa = PBXFileReference; lastKnownFileType = folder.assetcatalog; path = Assets.xcassets; sourceTree = "<group>"; };
		A837A8212A9437F60082AB33 /* Swift_Alamofire.entitlements */ = {isa = PBXFileReference; lastKnownFileType = text.plist.entitlements; path = Swift_Alamofire.entitlements; sourceTree = "<group>"; };
		A837A8232A9437F60082AB33 /* Preview Assets.xcassets */ = {isa = PBXFileReference; lastKnownFileType = folder.assetcatalog; path = "Preview Assets.xcassets"; sourceTree = "<group>"; };
		A837A82F2A9465E50082AB33 /* AlamofireViewModel.swift */ = {isa = PBXFileReference; lastKnownFileType = sourcecode.swift; path = AlamofireViewModel.swift; sourceTree = "<group>"; };
		A837A8312A9467350082AB33 /* Post.swift */ = {isa = PBXFileReference; lastKnownFileType = sourcecode.swift; path = Post.swift; sourceTree = "<group>"; };
		A837A8342A958AF10082AB33 /* PostView.swift */ = {isa = PBXFileReference; lastKnownFileType = sourcecode.swift; path = PostView.swift; sourceTree = "<group>"; };
		A837A8372A958BA60082AB33 /* User.swift */ = {isa = PBXFileReference; lastKnownFileType = sourcecode.swift; path = User.swift; sourceTree = "<group>"; };
		A837A83D2A958BE00082AB33 /* UserView.swift */ = {isa = PBXFileReference; lastKnownFileType = sourcecode.swift; path = UserView.swift; sourceTree = "<group>"; };
		A837A83F2A958C0A0082AB33 /* UserViewModel.swift */ = {isa = PBXFileReference; lastKnownFileType = sourcecode.swift; path = UserViewModel.swift; sourceTree = "<group>"; };
		A837A8442A95941F0082AB33 /* UserCell.swift */ = {isa = PBXFileReference; lastKnownFileType = sourcecode.swift; path = UserCell.swift; sourceTree = "<group>"; };
/* End PBXFileReference section */

/* Begin PBXFrameworksBuildPhase section */
		A837A8152A9437F60082AB33 /* Frameworks */ = {
			isa = PBXFrameworksBuildPhase;
			buildActionMask = 2147483647;
			files = (
				A837A82D2A945FCC0082AB33 /* Alamofire in Frameworks */,
			);
			runOnlyForDeploymentPostprocessing = 0;
		};
/* End PBXFrameworksBuildPhase section */

/* Begin PBXGroup section */
		A837A80F2A9437F60082AB33 = {
			isa = PBXGroup;
			children = (
				A837A81A2A9437F60082AB33 /* Swift-Alamofire */,
				A837A8192A9437F60082AB33 /* Products */,
			);
			sourceTree = "<group>";
		};
		A837A8192A9437F60082AB33 /* Products */ = {
			isa = PBXGroup;
			children = (
				A837A8182A9437F60082AB33 /* Swift-Alamofire.app */,
			);
			name = Products;
			sourceTree = "<group>";
		};
		A837A81A2A9437F60082AB33 /* Swift-Alamofire */ = {
			isa = PBXGroup;
			children = (
				A837A82A2A9438210082AB33 /* Model */,
				A837A8392A958BBE0082AB33 /* Core */,
				A837A81B2A9437F60082AB33 /* Swift_AlamofireApp.swift */,
				A837A81D2A9437F60082AB33 /* ContentView.swift */,
				A837A81F2A9437F60082AB33 /* Assets.xcassets */,
				A837A8212A9437F60082AB33 /* Swift_Alamofire.entitlements */,
				A837A8222A9437F60082AB33 /* Preview Content */,
			);
			path = "Swift-Alamofire";
			sourceTree = "<group>";
		};
		A837A8222A9437F60082AB33 /* Preview Content */ = {
			isa = PBXGroup;
			children = (
				A837A8232A9437F60082AB33 /* Preview Assets.xcassets */,
			);
			path = "Preview Content";
			sourceTree = "<group>";
		};
		A837A82A2A9438210082AB33 /* Model */ = {
			isa = PBXGroup;
			children = (
				A837A8312A9467350082AB33 /* Post.swift */,
				A837A8372A958BA60082AB33 /* User.swift */,
			);
			path = Model;
			sourceTree = "<group>";
		};
		A837A82E2A9465D20082AB33 /* ViewModel */ = {
			isa = PBXGroup;
			children = (
				A837A82F2A9465E50082AB33 /* AlamofireViewModel.swift */,
			);
			path = ViewModel;
			sourceTree = "<group>";
		};
		A837A8332A958ADC0082AB33 /* View */ = {
			isa = PBXGroup;
			children = (
				A837A8342A958AF10082AB33 /* PostView.swift */,
			);
			path = View;
			sourceTree = "<group>";
		};
		A837A8362A958B930082AB33 /* Post */ = {
			isa = PBXGroup;
			children = (
				A837A8332A958ADC0082AB33 /* View */,
				A837A82E2A9465D20082AB33 /* ViewModel */,
			);
			path = Post;
			sourceTree = "<group>";
		};
		A837A8392A958BBE0082AB33 /* Core */ = {
			isa = PBXGroup;
			children = (
				A837A83A2A958BCD0082AB33 /* User */,
				A837A8362A958B930082AB33 /* Post */,
			);
			path = Core;
			sourceTree = "<group>";
		};
		A837A83A2A958BCD0082AB33 /* User */ = {
			isa = PBXGroup;
			children = (
				A837A8432A9594150082AB33 /* Items */,
				A837A83C2A958BD60082AB33 /* ViewModel */,
				A837A83B2A958BD20082AB33 /* View */,
			);
			path = User;
			sourceTree = "<group>";
		};
		A837A83B2A958BD20082AB33 /* View */ = {
			isa = PBXGroup;
			children = (
				A837A83D2A958BE00082AB33 /* UserView.swift */,
			);
			path = View;
			sourceTree = "<group>";
		};
		A837A83C2A958BD60082AB33 /* ViewModel */ = {
			isa = PBXGroup;
			children = (
				A837A83F2A958C0A0082AB33 /* UserViewModel.swift */,
			);
			path = ViewModel;
			sourceTree = "<group>";
		};
		A837A8432A9594150082AB33 /* Items */ = {
			isa = PBXGroup;
			children = (
				A837A8442A95941F0082AB33 /* UserCell.swift */,
			);
			path = Items;
			sourceTree = "<group>";
		};
/* End PBXGroup section */

/* Begin PBXNativeTarget section */
		A837A8172A9437F60082AB33 /* Swift-Alamofire */ = {
			isa = PBXNativeTarget;
			buildConfigurationList = A837A8272A9437F60082AB33 /* Build configuration list for PBXNativeTarget "Swift-Alamofire" */;
			buildPhases = (
				A837A8142A9437F60082AB33 /* Sources */,
				A837A8152A9437F60082AB33 /* Frameworks */,
				A837A8162A9437F60082AB33 /* Resources */,
			);
			buildRules = (
			);
			dependencies = (
			);
			name = "Swift-Alamofire";
			packageProductDependencies = (
				A837A82C2A945FCC0082AB33 /* Alamofire */,
			);
			productName = "Swift-Alamofire";
			productReference = A837A8182A9437F60082AB33 /* Swift-Alamofire.app */;
			productType = "com.apple.product-type.application";
		};
/* End PBXNativeTarget section */

/* Begin PBXProject section */
		A837A8102A9437F60082AB33 /* Project object */ = {
			isa = PBXProject;
			attributes = {
				BuildIndependentTargetsInParallel = 1;
				LastSwiftUpdateCheck = 1430;
				LastUpgradeCheck = 1430;
				TargetAttributes = {
					A837A8172A9437F60082AB33 = {
						CreatedOnToolsVersion = 14.3.1;
					};
				};
			};
			buildConfigurationList = A837A8132A9437F60082AB33 /* Build configuration list for PBXProject "Swift-Alamofire" */;
			compatibilityVersion = "Xcode 14.0";
			developmentRegion = en;
			hasScannedForEncodings = 0;
			knownRegions = (
				en,
				Base,
			);
			mainGroup = A837A80F2A9437F60082AB33;
			packageReferences = (
				A837A82B2A945FCC0082AB33 /* XCRemoteSwiftPackageReference "Alamofire" */,
			);
			productRefGroup = A837A8192A9437F60082AB33 /* Products */;
			projectDirPath = "";
			projectRoot = "";
			targets = (
				A837A8172A9437F60082AB33 /* Swift-Alamofire */,
			);
		};
/* End PBXProject section */

/* Begin PBXResourcesBuildPhase section */
		A837A8162A9437F60082AB33 /* Resources */ = {
			isa = PBXResourcesBuildPhase;
			buildActionMask = 2147483647;
			files = (
				A837A8242A9437F60082AB33 /* Preview Assets.xcassets in Resources */,
				A837A8202A9437F60082AB33 /* Assets.xcassets in Resources */,
			);
			runOnlyForDeploymentPostprocessing = 0;
		};
/* End PBXResourcesBuildPhase section */

/* Begin PBXSourcesBuildPhase section */
		A837A8142A9437F60082AB33 /* Sources */ = {
			isa = PBXSourcesBuildPhase;
			buildActionMask = 2147483647;
			files = (
				A837A8322A9467350082AB33 /* Post.swift in Sources */,
				A837A8402A958C0A0082AB33 /* UserViewModel.swift in Sources */,
				A837A81E2A9437F60082AB33 /* ContentView.swift in Sources */,
				A837A8382A958BA60082AB33 /* User.swift in Sources */,
				A837A81C2A9437F60082AB33 /* Swift_AlamofireApp.swift in Sources */,
				A837A8452A95941F0082AB33 /* UserCell.swift in Sources */,
				A837A8352A958AF10082AB33 /* PostView.swift in Sources */,
				A837A8302A9465E50082AB33 /* AlamofireViewModel.swift in Sources */,
				A837A83E2A958BE00082AB33 /* UserView.swift in Sources */,
			);
			runOnlyForDeploymentPostprocessing = 0;
		};
/* End PBXSourcesBuildPhase section */

/* Begin XCBuildConfiguration section */
		A837A8252A9437F60082AB33 /* Debug */ = {
			isa = XCBuildConfiguration;
			buildSettings = {
				ALWAYS_SEARCH_USER_PATHS = NO;
				CLANG_ANALYZER_NONNULL = YES;
				CLANG_ANALYZER_NUMBER_OBJECT_CONVERSION = YES_AGGRESSIVE;
				CLANG_CXX_LANGUAGE_STANDARD = "gnu++20";
				CLANG_ENABLE_MODULES = YES;
				CLANG_ENABLE_OBJC_ARC = YES;
				CLANG_ENABLE_OBJC_WEAK = YES;
				CLANG_WARN_BLOCK_CAPTURE_AUTORELEASING = YES;
				CLANG_WARN_BOOL_CONVERSION = YES;
				CLANG_WARN_COMMA = YES;
				CLANG_WARN_CONSTANT_CONVERSION = YES;
				CLANG_WARN_DEPRECATED_OBJC_IMPLEMENTATIONS = YES;
				CLANG_WARN_DIRECT_OBJC_ISA_USAGE = YES_ERROR;
				CLANG_WARN_DOCUMENTATION_COMMENTS = YES;
				CLANG_WARN_EMPTY_BODY = YES;
				CLANG_WARN_ENUM_CONVERSION = YES;
				CLANG_WARN_INFINITE_RECURSION = YES;
				CLANG_WARN_INT_CONVERSION = YES;
				CLANG_WARN_NON_LITERAL_NULL_CONVERSION = YES;
				CLANG_WARN_OBJC_IMPLICIT_RETAIN_SELF = YES;
				CLANG_WARN_OBJC_LITERAL_CONVERSION = YES;
				CLANG_WARN_OBJC_ROOT_CLASS = YES_ERROR;
				CLANG_WARN_QUOTED_INCLUDE_IN_FRAMEWORK_HEADER = YES;
				CLANG_WARN_RANGE_LOOP_ANALYSIS = YES;
				CLANG_WARN_STRICT_PROTOTYPES = YES;
				CLANG_WARN_SUSPICIOUS_MOVE = YES;
				CLANG_WARN_UNGUARDED_AVAILABILITY = YES_AGGRESSIVE;
				CLANG_WARN_UNREACHABLE_CODE = YES;
				CLANG_WARN__DUPLICATE_METHOD_MATCH = YES;
				COPY_PHASE_STRIP = NO;
				DEBUG_INFORMATION_FORMAT = dwarf;
				ENABLE_STRICT_OBJC_MSGSEND = YES;
				ENABLE_TESTABILITY = YES;
				GCC_C_LANGUAGE_STANDARD = gnu11;
				GCC_DYNAMIC_NO_PIC = NO;
				GCC_NO_COMMON_BLOCKS = YES;
				GCC_OPTIMIZATION_LEVEL = 0;
				GCC_PREPROCESSOR_DEFINITIONS = (
					"DEBUG=1",
					"$(inherited)",
				);
				GCC_WARN_64_TO_32_BIT_CONVERSION = YES;
				GCC_WARN_ABOUT_RETURN_TYPE = YES_ERROR;
				GCC_WARN_UNDECLARED_SELECTOR = YES;
				GCC_WARN_UNINITIALIZED_AUTOS = YES_AGGRESSIVE;
				GCC_WARN_UNUSED_FUNCTION = YES;
				GCC_WARN_UNUSED_VARIABLE = YES;
				MTL_ENABLE_DEBUG_INFO = INCLUDE_SOURCE;
				MTL_FAST_MATH = YES;
				ONLY_ACTIVE_ARCH = YES;
				SWIFT_ACTIVE_COMPILATION_CONDITIONS = DEBUG;
				SWIFT_OPTIMIZATION_LEVEL = "-Onone";
			};
			name = Debug;
		};
		A837A8262A9437F60082AB33 /* Release */ = {
			isa = XCBuildConfiguration;
			buildSettings = {
				ALWAYS_SEARCH_USER_PATHS = NO;
				CLANG_ANALYZER_NONNULL = YES;
				CLANG_ANALYZER_NUMBER_OBJECT_CONVERSION = YES_AGGRESSIVE;
				CLANG_CXX_LANGUAGE_STANDARD = "gnu++20";
				CLANG_ENABLE_MODULES = YES;
				CLANG_ENABLE_OBJC_ARC = YES;
				CLANG_ENABLE_OBJC_WEAK = YES;
				CLANG_WARN_BLOCK_CAPTURE_AUTORELEASING = YES;
				CLANG_WARN_BOOL_CONVERSION = YES;
				CLANG_WARN_COMMA = YES;
				CLANG_WARN_CONSTANT_CONVERSION = YES;
				CLANG_WARN_DEPRECATED_OBJC_IMPLEMENTATIONS = YES;
				CLANG_WARN_DIRECT_OBJC_ISA_USAGE = YES_ERROR;
				CLANG_WARN_DOCUMENTATION_COMMENTS = YES;
				CLANG_WARN_EMPTY_BODY = YES;
				CLANG_WARN_ENUM_CONVERSION = YES;
				CLANG_WARN_INFINITE_RECURSION = YES;
				CLANG_WARN_INT_CONVERSION = YES;
				CLANG_WARN_NON_LITERAL_NULL_CONVERSION = YES;
				CLANG_WARN_OBJC_IMPLICIT_RETAIN_SELF = YES;
				CLANG_WARN_OBJC_LITERAL_CONVERSION = YES;
				CLANG_WARN_OBJC_ROOT_CLASS = YES_ERROR;
				CLANG_WARN_QUOTED_INCLUDE_IN_FRAMEWORK_HEADER = YES;
				CLANG_WARN_RANGE_LOOP_ANALYSIS = YES;
				CLANG_WARN_STRICT_PROTOTYPES = YES;
				CLANG_WARN_SUSPICIOUS_MOVE = YES;
				CLANG_WARN_UNGUARDED_AVAILABILITY = YES_AGGRESSIVE;
				CLANG_WARN_UNREACHABLE_CODE = YES;
				CLANG_WARN__DUPLICATE_METHOD_MATCH = YES;
				COPY_PHASE_STRIP = NO;
				DEBUG_INFORMATION_FORMAT = "dwarf-with-dsym";
				ENABLE_NS_ASSERTIONS = NO;
				ENABLE_STRICT_OBJC_MSGSEND = YES;
				GCC_C_LANGUAGE_STANDARD = gnu11;
				GCC_NO_COMMON_BLOCKS = YES;
				GCC_WARN_64_TO_32_BIT_CONVERSION = YES;
				GCC_WARN_ABOUT_RETURN_TYPE = YES_ERROR;
				GCC_WARN_UNDECLARED_SELECTOR = YES;
				GCC_WARN_UNINITIALIZED_AUTOS = YES_AGGRESSIVE;
				GCC_WARN_UNUSED_FUNCTION = YES;
				GCC_WARN_UNUSED_VARIABLE = YES;
				MTL_ENABLE_DEBUG_INFO = NO;
				MTL_FAST_MATH = YES;
				SWIFT_COMPILATION_MODE = wholemodule;
				SWIFT_OPTIMIZATION_LEVEL = "-O";
			};
			name = Release;
		};
		A837A8282A9437F60082AB33 /* Debug */ = {
			isa = XCBuildConfiguration;
			buildSettings = {
				ASSETCATALOG_COMPILER_APPICON_NAME = AppIcon;
				ASSETCATALOG_COMPILER_GLOBAL_ACCENT_COLOR_NAME = AccentColor;
				CODE_SIGN_ENTITLEMENTS = "Swift-Alamofire/Swift_Alamofire.entitlements";
				CODE_SIGN_STYLE = Automatic;
				CURRENT_PROJECT_VERSION = 1;
				DEVELOPMENT_ASSET_PATHS = "\"Swift-Alamofire/Preview Content\"";
				DEVELOPMENT_TEAM = WQD7F9D6LV;
				ENABLE_HARDENED_RUNTIME = YES;
				ENABLE_PREVIEWS = YES;
				GENERATE_INFOPLIST_FILE = YES;
				"INFOPLIST_KEY_UIApplicationSceneManifest_Generation[sdk=iphoneos*]" = YES;
				"INFOPLIST_KEY_UIApplicationSceneManifest_Generation[sdk=iphonesimulator*]" = YES;
				"INFOPLIST_KEY_UIApplicationSupportsIndirectInputEvents[sdk=iphoneos*]" = YES;
				"INFOPLIST_KEY_UIApplicationSupportsIndirectInputEvents[sdk=iphonesimulator*]" = YES;
				"INFOPLIST_KEY_UILaunchScreen_Generation[sdk=iphoneos*]" = YES;
				"INFOPLIST_KEY_UILaunchScreen_Generation[sdk=iphonesimulator*]" = YES;
				"INFOPLIST_KEY_UIStatusBarStyle[sdk=iphoneos*]" = UIStatusBarStyleDefault;
				"INFOPLIST_KEY_UIStatusBarStyle[sdk=iphonesimulator*]" = UIStatusBarStyleDefault;
				INFOPLIST_KEY_UISupportedInterfaceOrientations_iPad = "UIInterfaceOrientationPortrait UIInterfaceOrientationPortraitUpsideDown UIInterfaceOrientationLandscapeLeft UIInterfaceOrientationLandscapeRight";
				INFOPLIST_KEY_UISupportedInterfaceOrientations_iPhone = "UIInterfaceOrientationPortrait UIInterfaceOrientationLandscapeLeft UIInterfaceOrientationLandscapeRight";
				IPHONEOS_DEPLOYMENT_TARGET = 16.4;
				LD_RUNPATH_SEARCH_PATHS = "@executable_path/Frameworks";
				"LD_RUNPATH_SEARCH_PATHS[sdk=macosx*]" = "@executable_path/../Frameworks";
				MACOSX_DEPLOYMENT_TARGET = 13.3;
				MARKETING_VERSION = 1.0;
				PRODUCT_BUNDLE_IDENTIFIER = "com.overman.Swift-Alamofire";
				PRODUCT_NAME = "$(TARGET_NAME)";
				SDKROOT = auto;
				SUPPORTED_PLATFORMS = "iphoneos iphonesimulator macosx";
				SWIFT_EMIT_LOC_STRINGS = YES;
				SWIFT_VERSION = 5.0;
				TARGETED_DEVICE_FAMILY = "1,2";
			};
			name = Debug;
		};
		A837A8292A9437F60082AB33 /* Release */ = {
			isa = XCBuildConfiguration;
			buildSettings = {
				ASSETCATALOG_COMPILER_APPICON_NAME = AppIcon;
				ASSETCATALOG_COMPILER_GLOBAL_ACCENT_COLOR_NAME = AccentColor;
				CODE_SIGN_ENTITLEMENTS = "Swift-Alamofire/Swift_Alamofire.entitlements";
				CODE_SIGN_STYLE = Automatic;
				CURRENT_PROJECT_VERSION = 1;
				DEVELOPMENT_ASSET_PATHS = "\"Swift-Alamofire/Preview Content\"";
				DEVELOPMENT_TEAM = WQD7F9D6LV;
				ENABLE_HARDENED_RUNTIME = YES;
				ENABLE_PREVIEWS = YES;
				GENERATE_INFOPLIST_FILE = YES;
				"INFOPLIST_KEY_UIApplicationSceneManifest_Generation[sdk=iphoneos*]" = YES;
				"INFOPLIST_KEY_UIApplicationSceneManifest_Generation[sdk=iphonesimulator*]" = YES;
				"INFOPLIST_KEY_UIApplicationSupportsIndirectInputEvents[sdk=iphoneos*]" = YES;
				"INFOPLIST_KEY_UIApplicationSupportsIndirectInputEvents[sdk=iphonesimulator*]" = YES;
				"INFOPLIST_KEY_UILaunchScreen_Generation[sdk=iphoneos*]" = YES;
				"INFOPLIST_KEY_UILaunchScreen_Generation[sdk=iphonesimulator*]" = YES;
				"INFOPLIST_KEY_UIStatusBarStyle[sdk=iphoneos*]" = UIStatusBarStyleDefault;
				"INFOPLIST_KEY_UIStatusBarStyle[sdk=iphonesimulator*]" = UIStatusBarStyleDefault;
				INFOPLIST_KEY_UISupportedInterfaceOrientations_iPad = "UIInterfaceOrientationPortrait UIInterfaceOrientationPortraitUpsideDown UIInterfaceOrientationLandscapeLeft UIInterfaceOrientationLandscapeRight";
				INFOPLIST_KEY_UISupportedInterfaceOrientations_iPhone = "UIInterfaceOrientationPortrait UIInterfaceOrientationLandscapeLeft UIInterfaceOrientationLandscapeRight";
				IPHONEOS_DEPLOYMENT_TARGET = 16.4;
				LD_RUNPATH_SEARCH_PATHS = "@executable_path/Frameworks";
				"LD_RUNPATH_SEARCH_PATHS[sdk=macosx*]" = "@executable_path/../Frameworks";
				MACOSX_DEPLOYMENT_TARGET = 13.3;
				MARKETING_VERSION = 1.0;
				PRODUCT_BUNDLE_IDENTIFIER = "com.overman.Swift-Alamofire";
				PRODUCT_NAME = "$(TARGET_NAME)";
				SDKROOT = auto;
				SUPPORTED_PLATFORMS = "iphoneos iphonesimulator macosx";
				SWIFT_EMIT_LOC_STRINGS = YES;
				SWIFT_VERSION = 5.0;
				TARGETED_DEVICE_FAMILY = "1,2";
			};
			name = Release;
		};
/* End XCBuildConfiguration section */

/* Begin XCConfigurationList section */
		A837A8132A9437F60082AB33 /* Build configuration list for PBXProject "Swift-Alamofire" */ = {
			isa = XCConfigurationList;
			buildConfigurations = (
				A837A8252A9437F60082AB33 /* Debug */,
				A837A8262A9437F60082AB33 /* Release */,
			);
			defaultConfigurationIsVisible = 0;
			defaultConfigurationName = Release;
		};
		A837A8272A9437F60082AB33 /* Build configuration list for PBXNativeTarget "Swift-Alamofire" */ = {
			isa = XCConfigurationList;
			buildConfigurations = (
				A837A8282A9437F60082AB33 /* Debug */,
				A837A8292A9437F60082AB33 /* Release */,
			);
			defaultConfigurationIsVisible = 0;
			defaultConfigurationName = Release;
		};
/* End XCConfigurationList section */

/* Begin XCRemoteSwiftPackageReference section */
		A837A82B2A945FCC0082AB33 /* XCRemoteSwiftPackageReference "Alamofire" */ = {
			isa = XCRemoteSwiftPackageReference;
			repositoryURL = "https://github.com/Alamofire/Alamofire.git";
			requirement = {
				kind = upToNextMajorVersion;
				minimumVersion = 5.0.0;
			};
		};
/* End XCRemoteSwiftPackageReference section */

/* Begin XCSwiftPackageProductDependency section */
		A837A82C2A945FCC0082AB33 /* Alamofire */ = {
			isa = XCSwiftPackageProductDependency;
			package = A837A82B2A945FCC0082AB33 /* XCRemoteSwiftPackageReference "Alamofire" */;
			productName = Alamofire;
		};
/* End XCSwiftPackageProductDependency section */
	};
	rootObject = A837A8102A9437F60082AB33 /* Project object */;
}
